<?xml version="1.0" encoding="UTF-8" standalone="yes" ?>
<CodeBlocks_project_file>
	<FileVersion major="1" minor="6" />
	<Project>
		<Option title="Platformer" />
		<Option pch_mode="2" />
		<Option compiler="gcc" />
		<Build>
			<Target title="Debug">
				<Option output="bin/Debug/Platformer" prefix_auto="1" extension_auto="1" />
				<Option object_output="obj/Debug/" />
				<Option type="1" />
				<Option compiler="gcc" />
				<Compiler>
					<Add option="-g" />
					<Add option="-DSFML_STATIC" />
					<Add directory="include" />
					<Add directory="../../../../../../../../usr/local/include" />
				</Compiler>
				<Linker>
					<Add library="../../../../../../../../usr/local/lib/libsfml-audio.so" />
					<Add library="../../../../../../../../usr/local/lib/libsfml-graphics.so" />
					<Add library="../../../../../../../../usr/local/lib/libsfml-network.so" />
					<Add library="../../../../../../../../usr/local/lib/libsfml-system.so" />
					<Add library="../../../../../../../../usr/local/lib/libsfml-window.so" />
					<Add directory="../../../../../../../../usr/local/lib" />
				</Linker>
			</Target>
			<Target title="Release">
				<Option output="bin/Release/Platformer" prefix_auto="1" extension_auto="1" />
				<Option object_output="obj/Release/" />
				<Option type="1" />
				<Option compiler="gcc" />
				<Compiler>
					<Add option="-O2" />
				</Compiler>
				<Linker>
					<Add option="-s" />
				</Linker>
			</Target>
		</Build>
		<Compiler>
			<Add option="-std=c++11" />
			<Add option="-fexceptions" />
			<Add option="-DSFML_STATIC" />
			<Add directory="include" />
			<Add directory="../../../../../../../../usr/local/include" />
		</Compiler>
		<Linker>
			<Add library="../../../../../../../../usr/local/lib/libsfml-audio.so" />
			<Add library="../../../../../../../../usr/local/lib/libsfml-graphics.so" />
			<Add library="../../../../../../../../usr/local/lib/libsfml-network.so" />
			<Add library="../../../../../../../../usr/local/lib/libsfml-system.so" />
			<Add library="../../../../../../../../usr/local/lib/libsfml-window.so" />
			<Add directory="/usr/local/lib" />
		</Linker>
		<Unit filename="Input" />
		<Unit filename="include/Animation.h" />
		<Unit filename="include/Entity.h" />
		<Unit filename="include/FadeTransition.h" />
		<Unit filename="include/FileManager.h" />
		<Unit filename="include/GameScreen.h" />
		<Unit filename="include/InputManager.h" />
		<Unit filename="include/Level.h" />
		<Unit filename="include/Light.h" />
		<Unit filename="include/MainMenuScreen.h" />
		<Unit filename="include/MapGenerator.h" />
		<Unit filename="include/Mob.h" />
		<Unit filename="include/Player.h" />
		<Unit filename="include/Screen.h" />
		<Unit filename="include/ScreenManager.h" />
		<Unit filename="include/SplashScreen.h" />
		<Unit filename="include/TileData.h" />
		<Unit filename="include/Tilemap.h" />
		<Unit filename="include/Transition.h" />
		<Unit filename="main.cpp" />
		<Unit filename="res/lvls/big_test.lvl" />
		<Unit filename="res/lvls/test.lvl" />
		<Unit filename="res/shaders/AmbientShader.glsl" />
		<Unit filename="res/shaders/VertexShader.glsl" />
		<Unit filename="src/Animation.cpp" />
		<Unit filename="src/Entity.cpp" />
		<Unit filename="src/FadeTransition.cpp" />
		<Unit filename="src/FileManager.cpp" />
		<Unit filename="src/GameScreen.cpp" />
		<Unit filename="src/InputManager.cpp" />
		<Unit filename="src/Level.cpp" />
		<Unit filename="src/Light.cpp" />
		<Unit filename="src/MainMenuScreen.cpp" />
		<Unit filename="src/MapGenerator.cpp" />
		<Unit filename="src/Mob.cpp" />
		<Unit filename="src/Player.cpp" />
		<Unit filename="src/Screen.cpp" />
		<Unit filename="src/ScreenManager.cpp" />
		<Unit filename="src/SplashScreen.cpp" />
		<Unit filename="src/TileData.cpp" />
		<Unit filename="src/Tilemap.cpp" />
		<Unit filename="src/Transition.cpp" />
		<Extensions>
			<code_completion />
			<debugger />
			<envvars />
		</Extensions>
	</Project>
</CodeBlocks_project_file>
