<?xml version="1.0" encoding="UTF-8" standalone="yes" ?>
<CodeBlocks_project_file>
	<FileVersion major="1" minor="6" />
	<Project>
		<Option title="Platformer" />
		<Option pch_mode="2" />
		<Option compiler="gcc" />
		<Build>
			<Target title="Debug">
				<Option output="bin/Debug/Platformer" prefix_auto="1" extension_auto="1" />
				<Option object_output="obj/Debug/" />
				<Option type="1" />
				<Option compiler="gcc" />
				<Compiler>
					<Add option="-g" />
					<Add option="-DSFML_STATIC" />
					<Add directory="include" />
					<Add directory="../../../../../../../../usr/local/include" />
				</Compiler>
				<Linker>
					<Add library="../../../../../../../../usr/local/lib/libsfml-audio.so" />
					<Add library="../../../../../../../../usr/local/lib/libsfml-graphics.so" />
					<Add library="../../../../../../../../usr/local/lib/libsfml-network.so" />
					<Add library="../../../../../../../../usr/local/lib/libsfml-system.so" />
					<Add library="../../../../../../../../usr/local/lib/libsfml-window.so" />
					<Add directory="../../../../../../../../usr/local/lib" />
				</Linker>
			</Target>
			<Target title="Release">
				<Option output="bin/Release/Platformer" prefix_auto="1" extension_auto="1" />
				<Option object_output="obj/Release/" />
				<Option type="1" />
				<Option compiler="gcc" />
				<Compiler>
					<Add option="-O2" />
				</Compiler>
				<Linker>
					<Add option="-s" />
				</Linker>
			</Target>
		</Build>
		<Compiler>
			<Add option="-std=c++11" />
			<Add option="-fexceptions" />
			<Add option="-DSFML_STATIC" />
			<Add directory="include" />
			<Add directory="../../../../../../../../usr/local/include" />
		</Compiler>
		<Linker>
			<Add library="../../../../../../../../usr/local/lib/libsfml-audio.so" />
			<Add library="../../../../../../../../usr/local/lib/libsfml-graphics.so" />
			<Add library="../../../../../../../../usr/local/lib/libsfml-network.so" />
			<Add library="../../../../../../../../usr/local/lib/libsfml-system.so" />
			<Add library="../../../../../../../../usr/local/lib/libsfml-window.so" />
			<Add directory="/usr/local/lib" />
		</Linker>
		<Unit filename="Input" />
		<Unit filename="include/Animation.h" />
		<Unit filename="include/Entity/Entity.h" />
		<Unit filename="include/Entity/Mob.h" />
		<Unit filename="include/Entity/Player.h" />
		<Unit filename="include/GUI/Button.h" />
		<Unit filename="include/Level/Level.h" />
		<Unit filename="include/Level/Tile.h" />
		<Unit filename="include/Level/TileData.h" />
		<Unit filename="include/Level/Tilemap.h" />
		<Unit filename="include/Light.h" />
		<Unit filename="include/MapGenerator.h" />
		<Unit filename="include/Screens/GameScreen.h" />
		<Unit filename="include/Screens/MainMenuScreen.h" />
		<Unit filename="include/Screens/Screen.h" />
		<Unit filename="include/Screens/SplashScreen.h" />
		<Unit filename="include/System/FileManager.h" />
		<Unit filename="include/System/InputManager.h" />
		<Unit filename="include/System/Physics.h" />
		<Unit filename="include/System/ScreenManager.h" />
		<Unit filename="include/Transition/FadeAnimation.h" />
		<Unit filename="include/Transition/FadeTransition.h" />
		<Unit filename="include/Transition/Transition.h" />
		<Unit filename="main.cpp" />
		<Unit filename="res/lvls/big_test.lvl" />
		<Unit filename="res/lvls/test.lvl" />
		<Unit filename="res/shaders/AmbientShader.glsl" />
		<Unit filename="res/shaders/VertexShader.glsl" />
		<Unit filename="src/Animation.cpp" />
		<Unit filename="src/Entity/Entity.cpp" />
		<Unit filename="src/Entity/Mob.cpp" />
		<Unit filename="src/Entity/Player.cpp" />
		<Unit filename="src/GUI/Button.cpp" />
		<Unit filename="src/Level/Level.cpp" />
		<Unit filename="src/Level/TileData.cpp" />
		<Unit filename="src/Level/Tilemap.cpp" />
		<Unit filename="src/Light.cpp" />
		<Unit filename="src/MapGenerator.cpp" />
		<Unit filename="src/Screens/GameScreen.cpp" />
		<Unit filename="src/Screens/MainMenuScreen.cpp" />
		<Unit filename="src/Screens/Screen.cpp" />
		<Unit filename="src/Screens/SplashScreen.cpp" />
		<Unit filename="src/System/FileManager.cpp" />
		<Unit filename="src/System/InputManager.cpp" />
		<Unit filename="src/System/Physics.cpp" />
		<Unit filename="src/System/ScreenManager.cpp" />
		<Unit filename="src/Transition/FadeAnimation.cpp" />
		<Unit filename="src/Transition/FadeTransition.cpp" />
		<Unit filename="src/Transition/Transition.cpp" />
		<Extensions>
			<code_completion />
			<debugger />
			<envvars />
		</Extensions>
	</Project>
</CodeBlocks_project_file>
